
Microsoft Visual Studio Solution File, Format Version 12.00
# Visual Studio Version 17
VisualStudioVersion = 17.3.32929.385
MinimumVisualStudioVersion = 10.0.40219.1
Project("{9A19103F-16F7-4668-BE54-9A1E7A4F7556}") = "TicTacToe", "TicTacToe\TicTacToe.csproj", "{806FAE72-2E6C-4254-A93F-B6D1820E59B6}"
EndProject
Project("{FAE04EC0-301F-11D3-BF4B-00C04F79EFBC}") = "Tests", "Tests\Tests.csproj", "{8436CC60-B70D-459E-B310-1FD4501D6DD4}"
EndProject
Global
	GlobalSection(SolutionConfigurationPlatforms) = preSolution
		Debug|Any CPU = Debug|Any CPU
		Release|Any CPU = Release|Any CPU
	EndGlobalSection
	GlobalSection(ProjectConfigurationPlatforms) = postSolution
		{806FAE72-2E6C-4254-A93F-B6D1820E59B6}.Debug|Any CPU.ActiveCfg = Debug|Any CPU
		{806FAE72-2E6C-4254-A93F-B6D1820E59B6}.Debug|Any CPU.Build.0 = Debug|Any CPU
		{806FAE72-2E6C-4254-A93F-B6D1820E59B6}.Release|Any CPU.ActiveCfg = Release|Any CPU
		{806FAE72-2E6C-4254-A93F-B6D1820E59B6}.Release|Any CPU.Build.0 = Release|Any CPU
		{8436CC60-B70D-459E-B310-1FD4501D6DD4}.Debug|Any CPU.ActiveCfg = Debug|Any CPU
		{8436CC60-B70D-459E-B310-1FD4501D6DD4}.Debug|Any CPU.Build.0 = Debug|Any CPU
		{8436CC60-B70D-459E-B310-1FD4501D6DD4}.Release|Any CPU.ActiveCfg = Release|Any CPU
		{8436CC60-B70D-459E-B310-1FD4501D6DD4}.Release|Any CPU.Build.0 = Release|Any CPU
	EndGlobalSection
	GlobalSection(SolutionProperties) = preSolution
		HideSolutionNode = FALSE
	EndGlobalSection
	GlobalSection(ExtensibilityGlobals) = postSolution
		SolutionGuid = {F7C151EE-2243-4DE1-B551-07665F3925B6}
	EndGlobalSection
EndGlobal
